
Microsoft Visual Studio Solution File, Format Version 12.00
# Visual Studio Version 17
VisualStudioVersion = 17.0.31903.59
MinimumVisualStudioVersion = 10.0.40219.1
Project("{F2A71F9B-5D33-465A-A702-920D77279786}") = "Gtk4RustFs", "Gtk4RustFs\Gtk4RustFs.fsproj", "{84375389-17C6-4F31-87E8-6E2692F1039A}"
EndProject
Global
	GlobalSection(SolutionConfigurationPlatforms) = preSolution
		Debug|Any CPU = Debug|Any CPU
		Release|Any CPU = Release|Any CPU
	EndGlobalSection
	GlobalSection(SolutionProperties) = preSolution
		HideSolutionNode = FALSE
	EndGlobalSection
	GlobalSection(ProjectConfigurationPlatforms) = postSolution
		{84375389-17C6-4F31-87E8-6E2692F1039A}.Debug|Any CPU.ActiveCfg = Debug|Any CPU
		{84375389-17C6-4F31-87E8-6E2692F1039A}.Debug|Any CPU.Build.0 = Debug|Any CPU
		{84375389-17C6-4F31-87E8-6E2692F1039A}.Release|Any CPU.ActiveCfg = Release|Any CPU
		{84375389-17C6-4F31-87E8-6E2692F1039A}.Release|Any CPU.Build.0 = Release|Any CPU
	EndGlobalSection
EndGlobal
